// !$*UTF8*$!
{
	archiveVersion = 1;
	classes = {
	};
	objectVersion = 46;
	objects = {

/* Begin PBXBuildFile section */
		7783C4435AB8468F8192B9A9 /* libPods.a in Frameworks */ = {isa = PBXBuildFile; fileRef = F261E4B9BE7141E9B21E9EE8 /* libPods.a */; };
		7F23882419C83E710038FF17 /* RTMoviesViewController.m in Sources */ = {isa = PBXBuildFile; fileRef = 7F23882219C83E710038FF17 /* RTMoviesViewController.m */; };
		7F23882519C83E710038FF17 /* RTMoviesViewController.xib in Resources */ = {isa = PBXBuildFile; fileRef = 7F23882319C83E710038FF17 /* RTMoviesViewController.xib */; };
		7F23882919C851570038FF17 /* RTMovieTableViewCell.m in Sources */ = {isa = PBXBuildFile; fileRef = 7F23882719C851570038FF17 /* RTMovieTableViewCell.m */; };
		7F23882A19C851570038FF17 /* RTMovieTableViewCell.xib in Resources */ = {isa = PBXBuildFile; fileRef = 7F23882819C851570038FF17 /* RTMovieTableViewCell.xib */; };
		7F88B15B19C2945D00466E66 /* Foundation.framework in Frameworks */ = {isa = PBXBuildFile; fileRef = 7F88B15A19C2945D00466E66 /* Foundation.framework */; };
		7F88B15D19C2945D00466E66 /* CoreGraphics.framework in Frameworks */ = {isa = PBXBuildFile; fileRef = 7F88B15C19C2945D00466E66 /* CoreGraphics.framework */; };
		7F88B15F19C2945D00466E66 /* UIKit.framework in Frameworks */ = {isa = PBXBuildFile; fileRef = 7F88B15E19C2945D00466E66 /* UIKit.framework */; };
		7F88B16519C2945D00466E66 /* InfoPlist.strings in Resources */ = {isa = PBXBuildFile; fileRef = 7F88B16319C2945D00466E66 /* InfoPlist.strings */; };
		7F88B16719C2945D00466E66 /* main.m in Sources */ = {isa = PBXBuildFile; fileRef = 7F88B16619C2945D00466E66 /* main.m */; };
		7F88B16B19C2945D00466E66 /* RTAppDelegate.m in Sources */ = {isa = PBXBuildFile; fileRef = 7F88B16A19C2945D00466E66 /* RTAppDelegate.m */; };
		7F88B16D19C2945D00466E66 /* Images.xcassets in Resources */ = {isa = PBXBuildFile; fileRef = 7F88B16C19C2945D00466E66 /* Images.xcassets */; };
		7F88B17419C2945D00466E66 /* XCTest.framework in Frameworks */ = {isa = PBXBuildFile; fileRef = 7F88B17319C2945D00466E66 /* XCTest.framework */; };
		7F88B17519C2945D00466E66 /* Foundation.framework in Frameworks */ = {isa = PBXBuildFile; fileRef = 7F88B15A19C2945D00466E66 /* Foundation.framework */; };
		7F88B17619C2945D00466E66 /* UIKit.framework in Frameworks */ = {isa = PBXBuildFile; fileRef = 7F88B15E19C2945D00466E66 /* UIKit.framework */; };
		7F88B17E19C2945D00466E66 /* InfoPlist.strings in Resources */ = {isa = PBXBuildFile; fileRef = 7F88B17C19C2945D00466E66 /* InfoPlist.strings */; };
		7F88B18019C2945D00466E66 /* RottenTomatoesTests.m in Sources */ = {isa = PBXBuildFile; fileRef = 7F88B17F19C2945D00466E66 /* RottenTomatoesTests.m */; };
		7FBD1F3219C9523B00BAAC61 /* default.jpg in Resources */ = {isa = PBXBuildFile; fileRef = 7FBD1F3119C9523B00BAAC61 /* default.jpg */; };
		7FFB417019C966F300AFB745 /* Podfile in Resources */ = {isa = PBXBuildFile; fileRef = 7FFB416F19C966F300AFB745 /* Podfile */; };
		7FFB417419C9846F00AFB745 /* RTModel.m in Sources */ = {isa = PBXBuildFile; fileRef = 7FFB417319C9846F00AFB745 /* RTModel.m */; };
		7FFB417819C9986000AFB745 /* RTMovieDetailViewController.m in Sources */ = {isa = PBXBuildFile; fileRef = 7FFB417619C9986000AFB745 /* RTMovieDetailViewController.m */; };
		7FFB417919C9986000AFB745 /* RTMovieDetailViewController.xib in Resources */ = {isa = PBXBuildFile; fileRef = 7FFB417719C9986000AFB745 /* RTMovieDetailViewController.xib */; };
		7FFB417B19CA7C0400AFB745 /* AMTumblrHud.m in Sources */ = {isa = PBXBuildFile; fileRef = 7FFB417A19CA7C0400AFB745 /* AMTumblrHud.m */; };
/* End PBXBuildFile section */

/* Begin PBXContainerItemProxy section */
		7F88B17719C2945D00466E66 /* PBXContainerItemProxy */ = {
			isa = PBXContainerItemProxy;
			containerPortal = 7F88B14F19C2945D00466E66 /* Project object */;
			proxyType = 1;
			remoteGlobalIDString = 7F88B15619C2945D00466E66;
			remoteInfo = RottenTomatoes;
		};
/* End PBXContainerItemProxy section */

/* Begin PBXFileReference section */
		66C42F01B2EA4C3DAE747734 /* Pods.xcconfig */ = {isa = PBXFileReference; includeInIndex = 1; lastKnownFileType = text.xcconfig; name = Pods.xcconfig; path = Pods/Pods.xcconfig; sourceTree = "<group>"; };
		7F23882119C83E710038FF17 /* RTMoviesViewController.h */ = {isa = PBXFileReference; fileEncoding = 4; lastKnownFileType = sourcecode.c.h; path = RTMoviesViewController.h; sourceTree = "<group>"; };
		7F23882219C83E710038FF17 /* RTMoviesViewController.m */ = {isa = PBXFileReference; fileEncoding = 4; lastKnownFileType = sourcecode.c.objc; path = RTMoviesViewController.m; sourceTree = "<group>"; };
		7F23882319C83E710038FF17 /* RTMoviesViewController.xib */ = {isa = PBXFileReference; fileEncoding = 4; lastKnownFileType = file.xib; path = RTMoviesViewController.xib; sourceTree = "<group>"; };
		7F23882619C851570038FF17 /* RTMovieTableViewCell.h */ = {isa = PBXFileReference; fileEncoding = 4; lastKnownFileType = sourcecode.c.h; path = RTMovieTableViewCell.h; sourceTree = "<group>"; };
		7F23882719C851570038FF17 /* RTMovieTableViewCell.m */ = {isa = PBXFileReference; fileEncoding = 4; lastKnownFileType = sourcecode.c.objc; path = RTMovieTableViewCell.m; sourceTree = "<group>"; };
		7F23882819C851570038FF17 /* RTMovieTableViewCell.xib */ = {isa = PBXFileReference; fileEncoding = 4; lastKnownFileType = file.xib; path = RTMovieTableViewCell.xib; sourceTree = "<group>"; };
		7F88B15719C2945D00466E66 /* RottenTomatoes.app */ = {isa = PBXFileReference; explicitFileType = wrapper.application; includeInIndex = 0; path = RottenTomatoes.app; sourceTree = BUILT_PRODUCTS_DIR; };
		7F88B15A19C2945D00466E66 /* Foundation.framework */ = {isa = PBXFileReference; lastKnownFileType = wrapper.framework; name = Foundation.framework; path = System/Library/Frameworks/Foundation.framework; sourceTree = SDKROOT; };
		7F88B15C19C2945D00466E66 /* CoreGraphics.framework */ = {isa = PBXFileReference; lastKnownFileType = wrapper.framework; name = CoreGraphics.framework; path = System/Library/Frameworks/CoreGraphics.framework; sourceTree = SDKROOT; };
		7F88B15E19C2945D00466E66 /* UIKit.framework */ = {isa = PBXFileReference; lastKnownFileType = wrapper.framework; name = UIKit.framework; path = System/Library/Frameworks/UIKit.framework; sourceTree = SDKROOT; };
		7F88B16219C2945D00466E66 /* RottenTomatoes-Info.plist */ = {isa = PBXFileReference; lastKnownFileType = text.plist.xml; path = "RottenTomatoes-Info.plist"; sourceTree = "<group>"; };
		7F88B16419C2945D00466E66 /* en */ = {isa = PBXFileReference; lastKnownFileType = text.plist.strings; name = en; path = en.lproj/InfoPlist.strings; sourceTree = "<group>"; };
		7F88B16619C2945D00466E66 /* main.m */ = {isa = PBXFileReference; lastKnownFileType = sourcecode.c.objc; path = main.m; sourceTree = "<group>"; };
		7F88B16819C2945D00466E66 /* RottenTomatoes-Prefix.pch */ = {isa = PBXFileReference; lastKnownFileType = sourcecode.c.h; path = "RottenTomatoes-Prefix.pch"; sourceTree = "<group>"; };
		7F88B16919C2945D00466E66 /* RTAppDelegate.h */ = {isa = PBXFileReference; lastKnownFileType = sourcecode.c.h; path = RTAppDelegate.h; sourceTree = "<group>"; };
		7F88B16A19C2945D00466E66 /* RTAppDelegate.m */ = {isa = PBXFileReference; lastKnownFileType = sourcecode.c.objc; path = RTAppDelegate.m; sourceTree = "<group>"; };
		7F88B16C19C2945D00466E66 /* Images.xcassets */ = {isa = PBXFileReference; lastKnownFileType = folder.assetcatalog; path = Images.xcassets; sourceTree = "<group>"; };
		7F88B17219C2945D00466E66 /* RottenTomatoesTests.xctest */ = {isa = PBXFileReference; explicitFileType = wrapper.cfbundle; includeInIndex = 0; path = RottenTomatoesTests.xctest; sourceTree = BUILT_PRODUCTS_DIR; };
		7F88B17319C2945D00466E66 /* XCTest.framework */ = {isa = PBXFileReference; lastKnownFileType = wrapper.framework; name = XCTest.framework; path = Library/Frameworks/XCTest.framework; sourceTree = DEVELOPER_DIR; };
		7F88B17B19C2945D00466E66 /* RottenTomatoesTests-Info.plist */ = {isa = PBXFileReference; lastKnownFileType = text.plist.xml; path = "RottenTomatoesTests-Info.plist"; sourceTree = "<group>"; };
		7F88B17D19C2945D00466E66 /* en */ = {isa = PBXFileReference; lastKnownFileType = text.plist.strings; name = en; path = en.lproj/InfoPlist.strings; sourceTree = "<group>"; };
		7F88B17F19C2945D00466E66 /* RottenTomatoesTests.m */ = {isa = PBXFileReference; lastKnownFileType = sourcecode.c.objc; path = RottenTomatoesTests.m; sourceTree = "<group>"; };
		7FBD1F3119C9523B00BAAC61 /* default.jpg */ = {isa = PBXFileReference; lastKnownFileType = image.jpeg; name = default.jpg; path = data/images/default.jpg; sourceTree = "<group>"; };
		7FFB416F19C966F300AFB745 /* Podfile */ = {isa = PBXFileReference; fileEncoding = 4; lastKnownFileType = text; path = Podfile; sourceTree = "<group>"; };
		7FFB417219C9846F00AFB745 /* RTModel.h */ = {isa = PBXFileReference; fileEncoding = 4; lastKnownFileType = sourcecode.c.h; path = RTModel.h; sourceTree = "<group>"; };
		7FFB417319C9846F00AFB745 /* RTModel.m */ = {isa = PBXFileReference; fileEncoding = 4; lastKnownFileType = sourcecode.c.objc; path = RTModel.m; sourceTree = "<group>"; };
		7FFB417519C9986000AFB745 /* RTMovieDetailViewController.h */ = {isa = PBXFileReference; fileEncoding = 4; lastKnownFileType = sourcecode.c.h; path = RTMovieDetailViewController.h; sourceTree = "<group>"; };
		7FFB417619C9986000AFB745 /* RTMovieDetailViewController.m */ = {isa = PBXFileReference; fileEncoding = 4; lastKnownFileType = sourcecode.c.objc; path = RTMovieDetailViewController.m; sourceTree = "<group>"; };
		7FFB417719C9986000AFB745 /* RTMovieDetailViewController.xib */ = {isa = PBXFileReference; fileEncoding = 4; lastKnownFileType = file.xib; path = RTMovieDetailViewController.xib; sourceTree = "<group>"; };
		7FFB417A19CA7C0400AFB745 /* AMTumblrHud.m */ = {isa = PBXFileReference; fileEncoding = 4; lastKnownFileType = sourcecode.c.objc; path = AMTumblrHud.m; sourceTree = "<group>"; };
		7FFB417C19CA7C1100AFB745 /* AMTumblrHud.h */ = {isa = PBXFileReference; lastKnownFileType = sourcecode.c.h; path = AMTumblrHud.h; sourceTree = "<group>"; };
		F261E4B9BE7141E9B21E9EE8 /* libPods.a */ = {isa = PBXFileReference; explicitFileType = archive.ar; includeInIndex = 0; path = libPods.a; sourceTree = BUILT_PRODUCTS_DIR; };
/* End PBXFileReference section */

/* Begin PBXFrameworksBuildPhase section */
		7F88B15419C2945D00466E66 /* Frameworks */ = {
			isa = PBXFrameworksBuildPhase;
			buildActionMask = 2147483647;
			files = (
				7F88B15D19C2945D00466E66 /* CoreGraphics.framework in Frameworks */,
				7F88B15F19C2945D00466E66 /* UIKit.framework in Frameworks */,
				7F88B15B19C2945D00466E66 /* Foundation.framework in Frameworks */,
				7783C4435AB8468F8192B9A9 /* libPods.a in Frameworks */,
			);
			runOnlyForDeploymentPostprocessing = 0;
		};
		7F88B16F19C2945D00466E66 /* Frameworks */ = {
			isa = PBXFrameworksBuildPhase;
			buildActionMask = 2147483647;
			files = (
				7F88B17419C2945D00466E66 /* XCTest.framework in Frameworks */,
				7F88B17619C2945D00466E66 /* UIKit.framework in Frameworks */,
				7F88B17519C2945D00466E66 /* Foundation.framework in Frameworks */,
			);
			runOnlyForDeploymentPostprocessing = 0;
		};
/* End PBXFrameworksBuildPhase section */

/* Begin PBXGroup section */
		7F23882B19C8BFC60038FF17 /* Views */ = {
			isa = PBXGroup;
			children = (
				7FFB417C19CA7C1100AFB745 /* AMTumblrHud.h */,
				7FFB417A19CA7C0400AFB745 /* AMTumblrHud.m */,
				7F23882619C851570038FF17 /* RTMovieTableViewCell.h */,
				7F23882719C851570038FF17 /* RTMovieTableViewCell.m */,
				7F23882819C851570038FF17 /* RTMovieTableViewCell.xib */,
			);
			name = Views;
			sourceTree = "<group>";
		};
		7F88B14E19C2945D00466E66 = {
			isa = PBXGroup;
			children = (
				7F88B16019C2945D00466E66 /* RottenTomatoes */,
				7F88B17919C2945D00466E66 /* RottenTomatoesTests */,
				7F88B15919C2945D00466E66 /* Frameworks */,
				7F88B15819C2945D00466E66 /* Products */,
				66C42F01B2EA4C3DAE747734 /* Pods.xcconfig */,
			);
			sourceTree = "<group>";
		};
		7F88B15819C2945D00466E66 /* Products */ = {
			isa = PBXGroup;
			children = (
				7F88B15719C2945D00466E66 /* RottenTomatoes.app */,
				7F88B17219C2945D00466E66 /* RottenTomatoesTests.xctest */,
			);
			name = Products;
			sourceTree = "<group>";
		};
		7F88B15919C2945D00466E66 /* Frameworks */ = {
			isa = PBXGroup;
			children = (
				7F88B15A19C2945D00466E66 /* Foundation.framework */,
				7F88B15C19C2945D00466E66 /* CoreGraphics.framework */,
				7F88B15E19C2945D00466E66 /* UIKit.framework */,
				7F88B17319C2945D00466E66 /* XCTest.framework */,
				F261E4B9BE7141E9B21E9EE8 /* libPods.a */,
			);
			name = Frameworks;
			sourceTree = "<group>";
		};
		7F88B16019C2945D00466E66 /* RottenTomatoes */ = {
			isa = PBXGroup;
			children = (
				7FFB417119C983D500AFB745 /* Model */,
				7F23882B19C8BFC60038FF17 /* Views */,
				7F88B18E19C2950A00466E66 /* ViewControllers */,
				7F88B16919C2945D00466E66 /* RTAppDelegate.h */,
				7F88B16A19C2945D00466E66 /* RTAppDelegate.m */,
				7F88B16C19C2945D00466E66 /* Images.xcassets */,
				7F88B16119C2945D00466E66 /* Supporting Files */,
			);
			path = RottenTomatoes;
			sourceTree = "<group>";
		};
		7F88B16119C2945D00466E66 /* Supporting Files */ = {
			isa = PBXGroup;
			children = (
				7FBD1F3119C9523B00BAAC61 /* default.jpg */,
				7F88B16219C2945D00466E66 /* RottenTomatoes-Info.plist */,
				7F88B16319C2945D00466E66 /* InfoPlist.strings */,
				7F88B16619C2945D00466E66 /* main.m */,
				7F88B16819C2945D00466E66 /* RottenTomatoes-Prefix.pch */,
				7FFB416F19C966F300AFB745 /* Podfile */,
			);
			name = "Supporting Files";
			sourceTree = "<group>";
		};
		7F88B17919C2945D00466E66 /* RottenTomatoesTests */ = {
			isa = PBXGroup;
			children = (
				7F88B17F19C2945D00466E66 /* RottenTomatoesTests.m */,
				7F88B17A19C2945D00466E66 /* Supporting Files */,
			);
			path = RottenTomatoesTests;
			sourceTree = "<group>";
		};
		7F88B17A19C2945D00466E66 /* Supporting Files */ = {
			isa = PBXGroup;
			children = (
				7F88B17B19C2945D00466E66 /* RottenTomatoesTests-Info.plist */,
				7F88B17C19C2945D00466E66 /* InfoPlist.strings */,
			);
			name = "Supporting Files";
			sourceTree = "<group>";
		};
		7F88B18E19C2950A00466E66 /* ViewControllers */ = {
			isa = PBXGroup;
			children = (
				7F23882119C83E710038FF17 /* RTMoviesViewController.h */,
				7F23882219C83E710038FF17 /* RTMoviesViewController.m */,
				7F23882319C83E710038FF17 /* RTMoviesViewController.xib */,
				7FFB417519C9986000AFB745 /* RTMovieDetailViewController.h */,
				7FFB417619C9986000AFB745 /* RTMovieDetailViewController.m */,
				7FFB417719C9986000AFB745 /* RTMovieDetailViewController.xib */,
			);
			name = ViewControllers;
			sourceTree = "<group>";
		};
		7FFB417119C983D500AFB745 /* Model */ = {
			isa = PBXGroup;
			children = (
				7FFB417219C9846F00AFB745 /* RTModel.h */,
				7FFB417319C9846F00AFB745 /* RTModel.m */,
			);
			name = Model;
			sourceTree = "<group>";
		};
/* End PBXGroup section */

/* Begin PBXNativeTarget section */
		7F88B15619C2945D00466E66 /* RottenTomatoes */ = {
			isa = PBXNativeTarget;
			buildConfigurationList = 7F88B18319C2945D00466E66 /* Build configuration list for PBXNativeTarget "RottenTomatoes" */;
			buildPhases = (
				B0822C69723F44E7BE519BA6 /* Check Pods Manifest.lock */,
				7F88B15319C2945D00466E66 /* Sources */,
				7F88B15419C2945D00466E66 /* Frameworks */,
				7F88B15519C2945D00466E66 /* Resources */,
				CD6FA63EAEB84A2CAFCE9E5C /* Copy Pods Resources */,
			);
			buildRules = (
			);
			dependencies = (
			);
			name = RottenTomatoes;
			productName = RottenTomatoes;
			productReference = 7F88B15719C2945D00466E66 /* RottenTomatoes.app */;
			productType = "com.apple.product-type.application";
		};
		7F88B17119C2945D00466E66 /* RottenTomatoesTests */ = {
			isa = PBXNativeTarget;
			buildConfigurationList = 7F88B18619C2945D00466E66 /* Build configuration list for PBXNativeTarget "RottenTomatoesTests" */;
			buildPhases = (
				7F88B16E19C2945D00466E66 /* Sources */,
				7F88B16F19C2945D00466E66 /* Frameworks */,
				7F88B17019C2945D00466E66 /* Resources */,
			);
			buildRules = (
			);
			dependencies = (
				7F88B17819C2945D00466E66 /* PBXTargetDependency */,
			);
			name = RottenTomatoesTests;
			productName = RottenTomatoesTests;
			productReference = 7F88B17219C2945D00466E66 /* RottenTomatoesTests.xctest */;
			productType = "com.apple.product-type.bundle.unit-test";
		};
/* End PBXNativeTarget section */

/* Begin PBXProject section */
		7F88B14F19C2945D00466E66 /* Project object */ = {
			isa = PBXProject;
			attributes = {
				CLASSPREFIX = RT;
				LastUpgradeCheck = 0510;
				ORGANIZATIONNAME = "Deepak Somashekhara";
				TargetAttributes = {
					7F88B17119C2945D00466E66 = {
						TestTargetID = 7F88B15619C2945D00466E66;
					};
				};
			};
			buildConfigurationList = 7F88B15219C2945D00466E66 /* Build configuration list for PBXProject "RottenTomatoes" */;
			compatibilityVersion = "Xcode 3.2";
			developmentRegion = English;
			hasScannedForEncodings = 0;
			knownRegions = (
				en,
			);
			mainGroup = 7F88B14E19C2945D00466E66;
			productRefGroup = 7F88B15819C2945D00466E66 /* Products */;
			projectDirPath = "";
			projectRoot = "";
			targets = (
				7F88B15619C2945D00466E66 /* RottenTomatoes */,
				7F88B17119C2945D00466E66 /* RottenTomatoesTests */,
			);
		};
/* End PBXProject section */

/* Begin PBXResourcesBuildPhase section */
		7F88B15519C2945D00466E66 /* Resources */ = {
			isa = PBXResourcesBuildPhase;
			buildActionMask = 2147483647;
			files = (
				7FFB417019C966F300AFB745 /* Podfile in Resources */,
				7F88B16519C2945D00466E66 /* InfoPlist.strings in Resources */,
				7F23882519C83E710038FF17 /* RTMoviesViewController.xib in Resources */,
				7F23882A19C851570038FF17 /* RTMovieTableViewCell.xib in Resources */,
				7FFB417919C9986000AFB745 /* RTMovieDetailViewController.xib in Resources */,
				7F88B16D19C2945D00466E66 /* Images.xcassets in Resources */,
				7FBD1F3219C9523B00BAAC61 /* default.jpg in Resources */,
			);
			runOnlyForDeploymentPostprocessing = 0;
		};
		7F88B17019C2945D00466E66 /* Resources */ = {
			isa = PBXResourcesBuildPhase;
			buildActionMask = 2147483647;
			files = (
				7F88B17E19C2945D00466E66 /* InfoPlist.strings in Resources */,
			);
			runOnlyForDeploymentPostprocessing = 0;
		};
/* End PBXResourcesBuildPhase section */

/* Begin PBXShellScriptBuildPhase section */
		B0822C69723F44E7BE519BA6 /* Check Pods Manifest.lock */ = {
			isa = PBXShellScriptBuildPhase;
			buildActionMask = 2147483647;
			files = (
			);
			inputPaths = (
			);
			name = "Check Pods Manifest.lock";
			outputPaths = (
			);
			runOnlyForDeploymentPostprocessing = 0;
			shellPath = /bin/sh;
			shellScript = "diff \"${PODS_ROOT}/../Podfile.lock\" \"${PODS_ROOT}/Manifest.lock\" > /dev/null\nif [[ $? != 0 ]] ; then\n    cat << EOM\nerror: The sandbox is not in sync with the Podfile.lock. Run 'pod install' or update your CocoaPods installation.\nEOM\n    exit 1\nfi\n";
			showEnvVarsInLog = 0;
		};
		CD6FA63EAEB84A2CAFCE9E5C /* Copy Pods Resources */ = {
			isa = PBXShellScriptBuildPhase;
			buildActionMask = 2147483647;
			files = (
			);
			inputPaths = (
			);
			name = "Copy Pods Resources";
			outputPaths = (
			);
			runOnlyForDeploymentPostprocessing = 0;
			shellPath = /bin/sh;
			shellScript = "\"${SRCROOT}/Pods/Pods-resources.sh\"\n";
			showEnvVarsInLog = 0;
		};
/* End PBXShellScriptBuildPhase section */

/* Begin PBXSourcesBuildPhase section */
		7F88B15319C2945D00466E66 /* Sources */ = {
			isa = PBXSourcesBuildPhase;
			buildActionMask = 2147483647;
			files = (
				7F88B16B19C2945D00466E66 /* RTAppDelegate.m in Sources */,
				7FFB417419C9846F00AFB745 /* RTModel.m in Sources */,
				7F88B16719C2945D00466E66 /* main.m in Sources */,
				7F23882919C851570038FF17 /* RTMovieTableViewCell.m in Sources */,
				7FFB417B19CA7C0400AFB745 /* AMTumblrHud.m in Sources */,
				7FFB417819C9986000AFB745 /* RTMovieDetailViewController.m in Sources */,
				7F23882419C83E710038FF17 /* RTMoviesViewController.m in Sources */,
			);
			runOnlyForDeploymentPostprocessing = 0;
		};
		7F88B16E19C2945D00466E66 /* Sources */ = {
			isa = PBXSourcesBuildPhase;
			buildActionMask = 2147483647;
			files = (
				7F88B18019C2945D00466E66 /* RottenTomatoesTests.m in Sources */,
			);
			runOnlyForDeploymentPostprocessing = 0;
		};
/* End PBXSourcesBuildPhase section */

/* Begin PBXTargetDependency section */
		7F88B17819C2945D00466E66 /* PBXTargetDependency */ = {
			isa = PBXTargetDependency;
			target = 7F88B15619C2945D00466E66 /* RottenTomatoes */;
			targetProxy = 7F88B17719C2945D00466E66 /* PBXContainerItemProxy */;
		};
/* End PBXTargetDependency section */

/* Begin PBXVariantGroup section */
		7F88B16319C2945D00466E66 /* InfoPlist.strings */ = {
			isa = PBXVariantGroup;
			children = (
				7F88B16419C2945D00466E66 /* en */,
			);
			name = InfoPlist.strings;
			sourceTree = "<group>";
		};
		7F88B17C19C2945D00466E66 /* InfoPlist.strings */ = {
			isa = PBXVariantGroup;
			children = (
				7F88B17D19C2945D00466E66 /* en */,
			);
			name = InfoPlist.strings;
			sourceTree = "<group>";
		};
/* End PBXVariantGroup section */

/* Begin XCBuildConfiguration section */
		7F88B18119C2945D00466E66 /* Debug */ = {
			isa = XCBuildConfiguration;
			buildSettings = {
				ALWAYS_SEARCH_USER_PATHS = NO;
				CLANG_CXX_LANGUAGE_STANDARD = "gnu++0x";
				CLANG_CXX_LIBRARY = "libc++";
				CLANG_ENABLE_MODULES = YES;
				CLANG_ENABLE_OBJC_ARC = YES;
				CLANG_WARN_BOOL_CONVERSION = YES;
				CLANG_WARN_CONSTANT_CONVERSION = YES;
				CLANG_WARN_DIRECT_OBJC_ISA_USAGE = YES_ERROR;
				CLANG_WARN_EMPTY_BODY = YES;
				CLANG_WARN_ENUM_CONVERSION = YES;
				CLANG_WARN_INT_CONVERSION = YES;
				CLANG_WARN_OBJC_ROOT_CLASS = YES_ERROR;
				CLANG_WARN__DUPLICATE_METHOD_MATCH = YES;
				"CODE_SIGN_IDENTITY[sdk=iphoneos*]" = "iPhone Developer";
				COPY_PHASE_STRIP = NO;
				GCC_C_LANGUAGE_STANDARD = gnu99;
				GCC_DYNAMIC_NO_PIC = NO;
				GCC_OPTIMIZATION_LEVEL = 0;
				GCC_PREPROCESSOR_DEFINITIONS = (
					"DEBUG=1",
					"$(inherited)",
				);
				GCC_SYMBOLS_PRIVATE_EXTERN = NO;
				GCC_WARN_64_TO_32_BIT_CONVERSION = YES;
				GCC_WARN_ABOUT_RETURN_TYPE = YES_ERROR;
				GCC_WARN_UNDECLARED_SELECTOR = YES;
				GCC_WARN_UNINITIALIZED_AUTOS = YES_AGGRESSIVE;
				GCC_WARN_UNUSED_FUNCTION = YES;
				GCC_WARN_UNUSED_VARIABLE = YES;
				IPHONEOS_DEPLOYMENT_TARGET = 7.1;
				ONLY_ACTIVE_ARCH = YES;
				SDKROOT = iphoneos;
			};
			name = Debug;
		};
		7F88B18219C2945D00466E66 /* Release */ = {
			isa = XCBuildConfiguration;
			buildSettings = {
				ALWAYS_SEARCH_USER_PATHS = NO;
				CLANG_CXX_LANGUAGE_STANDARD = "gnu++0x";
				CLANG_CXX_LIBRARY = "libc++";
				CLANG_ENABLE_MODULES = YES;
				CLANG_ENABLE_OBJC_ARC = YES;
				CLANG_WARN_BOOL_CONVERSION = YES;
				CLANG_WARN_CONSTANT_CONVERSION = YES;
				CLANG_WARN_DIRECT_OBJC_ISA_USAGE = YES_ERROR;
				CLANG_WARN_EMPTY_BODY = YES;
				CLANG_WARN_ENUM_CONVERSION = YES;
				CLANG_WARN_INT_CONVERSION = YES;
				CLANG_WARN_OBJC_ROOT_CLASS = YES_ERROR;
				CLANG_WARN__DUPLICATE_METHOD_MATCH = YES;
				"CODE_SIGN_IDENTITY[sdk=iphoneos*]" = "iPhone Developer";
				COPY_PHASE_STRIP = YES;
				ENABLE_NS_ASSERTIONS = NO;
				GCC_C_LANGUAGE_STANDARD = gnu99;
				GCC_WARN_64_TO_32_BIT_CONVERSION = YES;
				GCC_WARN_ABOUT_RETURN_TYPE = YES_ERROR;
				GCC_WARN_UNDECLARED_SELECTOR = YES;
				GCC_WARN_UNINITIALIZED_AUTOS = YES_AGGRESSIVE;
				GCC_WARN_UNUSED_FUNCTION = YES;
				GCC_WARN_UNUSED_VARIABLE = YES;
				IPHONEOS_DEPLOYMENT_TARGET = 7.1;
				SDKROOT = iphoneos;
				VALIDATE_PRODUCT = YES;
			};
			name = Release;
		};
		7F88B18419C2945D00466E66 /* Debug */ = {
			isa = XCBuildConfiguration;
			baseConfigurationReference = 66C42F01B2EA4C3DAE747734 /* Pods.xcconfig */;
			buildSettings = {
				ASSETCATALOG_COMPILER_APPICON_NAME = AppIcon;
				ASSETCATALOG_COMPILER_LAUNCHIMAGE_NAME = LaunchImage;
				GCC_PRECOMPILE_PREFIX_HEADER = YES;
				GCC_PREFIX_HEADER = "RottenTomatoes/RottenTomatoes-Prefix.pch";
				INFOPLIST_FILE = "RottenTomatoes/RottenTomatoes-Info.plist";
				IPHONEOS_DEPLOYMENT_TARGET = 7.0;
				PRODUCT_NAME = "$(TARGET_NAME)";
				WRAPPER_EXTENSION = app;
			};
			name = Debug;
		};
		7F88B18519C2945D00466E66 /* Release */ = {
			isa = XCBuildConfiguration;
			baseConfigurationReference = 66C42F01B2EA4C3DAE747734 /* Pods.xcconfig */;
			buildSettings = {
				ASSETCATALOG_COMPILER_APPICON_NAME = AppIcon;
				ASSETCATALOG_COMPILER_LAUNCHIMAGE_NAME = LaunchImage;
				GCC_PRECOMPILE_PREFIX_HEADER = YES;
				GCC_PREFIX_HEADER = "RottenTomatoes/RottenTomatoes-Prefix.pch";
				INFOPLIST_FILE = "RottenTomatoes/RottenTomatoes-Info.plist";
				IPHONEOS_DEPLOYMENT_TARGET = 7.0;
				PRODUCT_NAME = "$(TARGET_NAME)";
				WRAPPER_EXTENSION = app;
			};
			name = Release;
		};
		7F88B18719C2945D00466E66 /* Debug */ = {
			isa = XCBuildConfiguration;
			buildSettings = {
				BUNDLE_LOADER = "$(BUILT_PRODUCTS_DIR)/RottenTomatoes.app/RottenTomatoes";
				FRAMEWORK_SEARCH_PATHS = (
					"$(SDKROOT)/Developer/Library/Frameworks",
					"$(inherited)",
					"$(DEVELOPER_FRAMEWORKS_DIR)",
				);
				GCC_PRECOMPILE_PREFIX_HEADER = YES;
				GCC_PREFIX_HEADER = "RottenTomatoes/RottenTomatoes-Prefix.pch";
				GCC_PREPROCESSOR_DEFINITIONS = (
					"DEBUG=1",
					"$(inherited)",
				);
				INFOPLIST_FILE = "RottenTomatoesTests/RottenTomatoesTests-Info.plist";
				PRODUCT_NAME = "$(TARGET_NAME)";
				TEST_HOST = "$(BUNDLE_LOADER)";
				WRAPPER_EXTENSION = xctest;
			};
			name = Debug;
		};
		7F88B18819C2945D00466E66 /* Release */ = {
			isa = XCBuildConfiguration;
			buildSettings = {
				BUNDLE_LOADER = "$(BUILT_PRODUCTS_DIR)/RottenTomatoes.app/RottenTomatoes";
				FRAMEWORK_SEARCH_PATHS = (
					"$(SDKROOT)/Developer/Library/Frameworks",
					"$(inherited)",
					"$(DEVELOPER_FRAMEWORKS_DIR)",
				);
				GCC_PRECOMPILE_PREFIX_HEADER = YES;
				GCC_PREFIX_HEADER = "RottenTomatoes/RottenTomatoes-Prefix.pch";
				INFOPLIST_FILE = "RottenTomatoesTests/RottenTomatoesTests-Info.plist";
				PRODUCT_NAME = "$(TARGET_NAME)";
				TEST_HOST = "$(BUNDLE_LOADER)";
				WRAPPER_EXTENSION = xctest;
			};
			name = Release;
		};
/* End XCBuildConfiguration section */

/* Begin XCConfigurationList section */
		7F88B15219C2945D00466E66 /* Build configuration list for PBXProject "RottenTomatoes" */ = {
			isa = XCConfigurationList;
			buildConfigurations = (
				7F88B18119C2945D00466E66 /* Debug */,
				7F88B18219C2945D00466E66 /* Release */,
			);
			defaultConfigurationIsVisible = 0;
			defaultConfigurationName = Release;
		};
		7F88B18319C2945D00466E66 /* Build configuration list for PBXNativeTarget "RottenTomatoes" */ = {
			isa = XCConfigurationList;
			buildConfigurations = (
				7F88B18419C2945D00466E66 /* Debug */,
				7F88B18519C2945D00466E66 /* Release */,
			);
			defaultConfigurationIsVisible = 0;
			defaultConfigurationName = Release;
		};
		7F88B18619C2945D00466E66 /* Build configuration list for PBXNativeTarget "RottenTomatoesTests" */ = {
			isa = XCConfigurationList;
			buildConfigurations = (
				7F88B18719C2945D00466E66 /* Debug */,
				7F88B18819C2945D00466E66 /* Release */,
			);
			defaultConfigurationIsVisible = 0;
			defaultConfigurationName = Release;
		};
/* End XCConfigurationList section */
	};
	rootObject = 7F88B14F19C2945D00466E66 /* Project object */;
}
